
Microsoft Visual Studio Solution File, Format Version 12.00
Project("{FAE04EC0-301F-11D3-BF4B-00C04F79EFBC}") = "DasuShiftManager.Blazor", "DasuShiftManager.Blazor\DasuShiftManager.Blazor.csproj", "{46895342-76BA-4C84-8751-90A99584D71A}"
EndProject
Project("{FAE04EC0-301F-11D3-BF4B-00C04F79EFBC}") = "DasuShiftManager.Core", "DasuShiftManager.Core\DasuShiftManager.Core.csproj", "{5E9111D3-4386-41FD-BDF6-E092CC5A6748}"
EndProject
Project("{FAE04EC0-301F-11D3-BF4B-00C04F79EFBC}") = "DasuShiftManager.Server", "DasuShiftManager.Server\DasuShiftManager.Server.csproj", "{4E86532B-8EDB-42ED-84D7-4736E723AD14}"
EndProject
Project("{FAE04EC0-301F-11D3-BF4B-00C04F79EFBC}") = "DasuShiftManager.Data", "DasuShiftManager.Data\DasuShiftManager.Data.csproj", "{9317D354-5392-49F0-8953-61DB48935A3B}"
EndProject
Project("{FAE04EC0-301F-11D3-BF4B-00C04F79EFBC}") = "DasuShiftManager.Shared", "DasuShiftManager.Shared\DasuShiftManager.Shared.csproj", "{0E46A337-2FAA-4211-ABC2-FB3EA6A30ED3}"
EndProject
Project("{FAE04EC0-301F-11D3-BF4B-00C04F79EFBC}") = "DasuShiftManager.Test", "DasuShiftManager.Test\DasuShiftManager.Test.csproj", "{6C7CA5EB-B899-4E5F-B372-CB53A11FBEE9}"
EndProject
Project("{FAE04EC0-301F-11D3-BF4B-00C04F79EFBC}") = "DasuShiftManager.WASM", "DasuShiftManager.WASM\DasuShiftManager.WASM.csproj", "{CED4658A-E499-49D0-AED6-3548D798E0F6}"
EndProject
Global
	GlobalSection(SolutionConfigurationPlatforms) = preSolution
		Debug|Any CPU = Debug|Any CPU
		Release|Any CPU = Release|Any CPU
	EndGlobalSection
	GlobalSection(ProjectConfigurationPlatforms) = postSolution
		{46895342-76BA-4C84-8751-90A99584D71A}.Debug|Any CPU.ActiveCfg = Debug|Any CPU
		{46895342-76BA-4C84-8751-90A99584D71A}.Debug|Any CPU.Build.0 = Debug|Any CPU
		{46895342-76BA-4C84-8751-90A99584D71A}.Release|Any CPU.ActiveCfg = Release|Any CPU
		{46895342-76BA-4C84-8751-90A99584D71A}.Release|Any CPU.Build.0 = Release|Any CPU
		{5E9111D3-4386-41FD-BDF6-E092CC5A6748}.Debug|Any CPU.ActiveCfg = Debug|Any CPU
		{5E9111D3-4386-41FD-BDF6-E092CC5A6748}.Debug|Any CPU.Build.0 = Debug|Any CPU
		{5E9111D3-4386-41FD-BDF6-E092CC5A6748}.Release|Any CPU.ActiveCfg = Release|Any CPU
		{5E9111D3-4386-41FD-BDF6-E092CC5A6748}.Release|Any CPU.Build.0 = Release|Any CPU
		{4E86532B-8EDB-42ED-84D7-4736E723AD14}.Debug|Any CPU.ActiveCfg = Debug|Any CPU
		{4E86532B-8EDB-42ED-84D7-4736E723AD14}.Debug|Any CPU.Build.0 = Debug|Any CPU
		{4E86532B-8EDB-42ED-84D7-4736E723AD14}.Release|Any CPU.ActiveCfg = Release|Any CPU
		{4E86532B-8EDB-42ED-84D7-4736E723AD14}.Release|Any CPU.Build.0 = Release|Any CPU
		{9317D354-5392-49F0-8953-61DB48935A3B}.Debug|Any CPU.ActiveCfg = Debug|Any CPU
		{9317D354-5392-49F0-8953-61DB48935A3B}.Debug|Any CPU.Build.0 = Debug|Any CPU
		{9317D354-5392-49F0-8953-61DB48935A3B}.Release|Any CPU.ActiveCfg = Release|Any CPU
		{9317D354-5392-49F0-8953-61DB48935A3B}.Release|Any CPU.Build.0 = Release|Any CPU
		{0E46A337-2FAA-4211-ABC2-FB3EA6A30ED3}.Debug|Any CPU.ActiveCfg = Debug|Any CPU
		{0E46A337-2FAA-4211-ABC2-FB3EA6A30ED3}.Debug|Any CPU.Build.0 = Debug|Any CPU
		{0E46A337-2FAA-4211-ABC2-FB3EA6A30ED3}.Release|Any CPU.ActiveCfg = Release|Any CPU
		{0E46A337-2FAA-4211-ABC2-FB3EA6A30ED3}.Release|Any CPU.Build.0 = Release|Any CPU
		{6C7CA5EB-B899-4E5F-B372-CB53A11FBEE9}.Debug|Any CPU.ActiveCfg = Debug|Any CPU
		{6C7CA5EB-B899-4E5F-B372-CB53A11FBEE9}.Debug|Any CPU.Build.0 = Debug|Any CPU
		{6C7CA5EB-B899-4E5F-B372-CB53A11FBEE9}.Release|Any CPU.ActiveCfg = Release|Any CPU
		{6C7CA5EB-B899-4E5F-B372-CB53A11FBEE9}.Release|Any CPU.Build.0 = Release|Any CPU
		{CED4658A-E499-49D0-AED6-3548D798E0F6}.Debug|Any CPU.ActiveCfg = Debug|Any CPU
		{CED4658A-E499-49D0-AED6-3548D798E0F6}.Debug|Any CPU.Build.0 = Debug|Any CPU
		{CED4658A-E499-49D0-AED6-3548D798E0F6}.Release|Any CPU.ActiveCfg = Release|Any CPU
		{CED4658A-E499-49D0-AED6-3548D798E0F6}.Release|Any CPU.Build.0 = Release|Any CPU
	EndGlobalSection
EndGlobal
